<?xml version="1.0" encoding="utf-8"?>
<Project ToolsVersion="4.0" xmlns="http://schemas.microsoft.com/developer/msbuild/2003">
  <ItemGroup>
    <Filter Include="Source Files">
      <UniqueIdentifier>{4FC737F1-C7A5-4376-A066-2A32D752A2FF}</UniqueIdentifier>
      <Extensions>cpp;c;cc;cxx;def;odl;idl;hpj;bat;asm;asmx</Extensions>
    </Filter>
    <Filter Include="Header Files">
      <UniqueIdentifier>{93995380-89BD-4b04-88EB-625FBE52EBFB}</UniqueIdentifier>
      <Extensions>h;hh;hpp;hxx;hm;inl;inc;xsd</Extensions>
    </Filter>
    <Filter Include="Resource Files">
      <UniqueIdentifier>{67DA6AB6-F800-4c08-8B7A-83BB121AAD01}</UniqueIdentifier>
      <Extensions>rc;ico;cur;bmp;dlg;rc2;rct;bin;rgs;gif;jpg;jpeg;jpe;resx;tiff;tif;png;wav;mfcribbon-ms</Extensions>
    </Filter>
    <Filter Include="Source Files\math">
      <UniqueIdentifier>{fa7ea3ac-0bb6-4772-9bed-4bd410309cc8}</UniqueIdentifier>
    </Filter>
    <Filter Include="Header Files\dependencies">
      <UniqueIdentifier>{4099b183-7ef1-4048-a6a6-5e805159fc6e}</UniqueIdentifier>
    </Filter>
    <Filter Include="Header Files\dependencies\math">
      <UniqueIdentifier>{5848c7ae-8962-44b6-8ff5-eca42eaa971f}</UniqueIdentifier>
    </Filter>
    <Filter Include="Header Files\dependencies\opengl">
      <UniqueIdentifier>{1ebc9d62-8ab1-4f1c-9e16-654512950bda}</UniqueIdentifier>
    </Filter>
    <Filter Include="Header Files\graphics">
      <UniqueIdentifier>{b6c6d5d7-c65a-42f0-bcf2-503bcf4aa6b6}</UniqueIdentifier>
    </Filter>
    <Filter Include="Header Files\application">
      <UniqueIdentifier>{9f3c275f-1fd9-455a-92b5-a1416147847f}</UniqueIdentifier>
    </Filter>
    <Filter Include="Header Files\utils">
      <UniqueIdentifier>{923f7ef3-24e1-4239-a5c3-aa65a4112c23}</UniqueIdentifier>
    </Filter>
    <Filter Include="Header Files\graphics\renderer">
      <UniqueIdentifier>{be4bcd4b-3da8-4094-a97e-7e854941f401}</UniqueIdentifier>
    </Filter>
    <Filter Include="Header Files\graphics\renderable">
      <UniqueIdentifier>{3f195add-7a12-4b8e-adcf-f546f46eb87c}</UniqueIdentifier>
    </Filter>
    <Filter Include="Header Files\graphics\buffer">
      <UniqueIdentifier>{3d0e896d-37ad-47c2-8525-d515e1df3573}</UniqueIdentifier>
    </Filter>
    <Filter Include="Header Files\graphics\layer">
      <UniqueIdentifier>{547f7dd8-e916-4532-80e4-53c3ab1e4ba2}</UniqueIdentifier>
    </Filter>
    <Filter Include="Header Files\graphics\ui">
      <UniqueIdentifier>{aac732b9-c516-4ad7-850b-68745b9acbe1}</UniqueIdentifier>
    </Filter>
    <Filter Include="Source Files\graphics">
      <UniqueIdentifier>{31eedde3-5827-4cbc-baad-280ab7212441}</UniqueIdentifier>
    </Filter>
    <Filter Include="Source Files\utils">
      <UniqueIdentifier>{73a51b9f-47d3-40f4-a5fe-e1bc6daea128}</UniqueIdentifier>
    </Filter>
    <Filter Include="Source Files\graphics\renderer">
      <UniqueIdentifier>{bacd5a00-84b0-4a50-b9a5-8f591ed1b87e}</UniqueIdentifier>
    </Filter>
    <Filter Include="Source Files\graphics\renderable">
      <UniqueIdentifier>{b8a04da0-0fec-4522-ab61-3ece2e5bb64f}</UniqueIdentifier>
    </Filter>
    <Filter Include="Source Files\graphics\buffer">
      <UniqueIdentifier>{c8fcbbf7-3498-460e-8ba1-d0ffa92f8bf1}</UniqueIdentifier>
    </Filter>
    <Filter Include="Source Files\graphics\ui">
      <UniqueIdentifier>{234d23f4-3838-455e-9e93-917e46707b18}</UniqueIdentifier>
    </Filter>
    <Filter Include="Source Files\graphics\layer">
      <UniqueIdentifier>{974b6902-1a91-4076-baa7-39a3cba24163}</UniqueIdentifier>
    </Filter>
    <Filter Include="Header Files\audio">
      <UniqueIdentifier>{4ec7a056-af70-4284-aef6-491275060c70}</UniqueIdentifier>
    </Filter>
  </ItemGroup>
  <ItemGroup>
    <ClInclude Include="src\glm\detail\_features.hpp">
      <Filter>Header Files\dependencies\math</Filter>
    </ClInclude>
    <ClInclude Include="src\glm\detail\_fixes.hpp">
      <Filter>Header Files\dependencies\math</Filter>
    </ClInclude>
    <ClInclude Include="src\glm\detail\_noise.hpp">
      <Filter>Header Files\dependencies\math</Filter>
    </ClInclude>
    <ClInclude Include="src\glm\detail\_swizzle.hpp">
      <Filter>Header Files\dependencies\math</Filter>
    </ClInclude>
    <ClInclude Include="src\glm\detail\_swizzle_func.hpp">
      <Filter>Header Files\dependencies\math</Filter>
    </ClInclude>
    <ClInclude Include="src\glm\detail\_vectorize.hpp">
      <Filter>Header Files\dependencies\math</Filter>
    </ClInclude>
    <ClInclude Include="src\glm\gtx\associated_min_max.hpp">
      <Filter>Header Files\dependencies\math</Filter>
    </ClInclude>
    <ClInclude Include="src\glm\gtx\bit.hpp">
      <Filter>Header Files\dependencies\math</Filter>
    </ClInclude>
    <ClInclude Include="src\glm\gtc\bitfield.hpp">
      <Filter>Header Files\dependencies\math</Filter>
    </ClInclude>
    <ClInclude Include="src\glm\gtx\closest_point.hpp">
      <Filter>Header Files\dependencies\math</Filter>
    </ClInclude>
    <ClInclude Include="src\glm\gtx\color_encoding.hpp">
      <Filter>Header Files\dependencies\math</Filter>
    </ClInclude>
    <ClInclude Include="src\glm\gtc\color_space.hpp">
      <Filter>Header Files\dependencies\math</Filter>
    </ClInclude>
    <ClInclude Include="src\glm\gtx\color_space.hpp">
      <Filter>Header Files\dependencies\math</Filter>
    </ClInclude>
    <ClInclude Include="src\glm\gtx\color_space_YCoCg.hpp">
      <Filter>Header Files\dependencies\math</Filter>
    </ClInclude>
    <ClInclude Include="src\glm\simd\common.h">
      <Filter>Header Files\dependencies\math</Filter>
    </ClInclude>
    <ClInclude Include="src\sp\Common.h">
      <Filter>Header Files\dependencies\math</Filter>
    </ClInclude>
    <ClInclude Include="src\glm\gtx\common.hpp">
      <Filter>Header Files\dependencies\math</Filter>
    </ClInclude>
    <ClInclude Include="src\glm\common.hpp">
      <Filter>Header Files\dependencies\math</Filter>
    </ClInclude>
    <ClInclude Include="src\glm\gtx\compatibility.hpp">
      <Filter>Header Files\dependencies\math</Filter>
    </ClInclude>
    <ClInclude Include="src\glm\gtx\component_wise.hpp">
      <Filter>Header Files\dependencies\math</Filter>
    </ClInclude>
    <ClInclude Include="src\glm\detail\compute_vector_relational.hpp">
      <Filter>Header Files\dependencies\math</Filter>
    </ClInclude>
    <ClInclude Include="src\glm\gtc\constants.hpp">
      <Filter>Header Files\dependencies\math</Filter>
    </ClInclude>
    <ClInclude Include="src\glm\gtx\dual_quaternion.hpp">
      <Filter>Header Files\dependencies\math</Filter>
    </ClInclude>
    <ClInclude Include="src\glm\gtc\epsilon.hpp">
      <Filter>Header Files\dependencies\math</Filter>
    </ClInclude>
    <ClInclude Include="src\glm\gtx\euler_angles.hpp">
      <Filter>Header Files\dependencies\math</Filter>
    </ClInclude>
    <ClInclude Include="src\glm\simd\exponential.h">
      <Filter>Header Files\dependencies\math</Filter>
    </ClInclude>
    <ClInclude Include="src\glm\exponential.hpp">
      <Filter>Header Files\dependencies\math</Filter>
    </ClInclude>
    <ClInclude Include="src\glm\ext.hpp">
      <Filter>Header Files\dependencies\math</Filter>
    </ClInclude>
    <ClInclude Include="src\glm\gtx\extend.hpp">
      <Filter>Header Files\dependencies\math</Filter>
    </ClInclude>
    <ClInclude Include="src\glm\gtx\extended_min_max.hpp">
      <Filter>Header Files\dependencies\math</Filter>
    </ClInclude>
    <ClInclude Include="src\glm\gtx\exterior_product.hpp">
      <Filter>Header Files\dependencies\math</Filter>
    </ClInclude>
    <ClInclude Include="src\glm\gtx\fast_exponential.hpp">
      <Filter>Header Files\dependencies\math</Filter>
    </ClInclude>
    <ClInclude Include="src\glm\gtx\fast_square_root.hpp">
      <Filter>Header Files\dependencies\math</Filter>
    </ClInclude>
    <ClInclude Include="src\glm\gtx\fast_trigonometry.hpp">
      <Filter>Header Files\dependencies\math</Filter>
    </ClInclude>
    <ClInclude Include="src\glm\gtx\functions.hpp">
      <Filter>Header Files\dependencies\math</Filter>
    </ClInclude>
    <ClInclude Include="src\glm\fwd.hpp">
      <Filter>Header Files\dependencies\math</Filter>
    </ClInclude>
    <ClInclude Include="src\glm\simd\geometric.h">
      <Filter>Header Files\dependencies\math</Filter>
    </ClInclude>
    <ClInclude Include="src\glm\geometric.hpp">
      <Filter>Header Files\dependencies\math</Filter>
    </ClInclude>
    <ClInclude Include="src\sp\gl.h">
      <Filter>Header Files\dependencies\math</Filter>
    </ClInclude>
    <ClInclude Include="src\glm\glm.hpp">
      <Filter>Header Files\dependencies\math</Filter>
    </ClInclude>
    <ClInclude Include="src\glm\gtx\gradient_paint.hpp">
      <Filter>Header Files\dependencies\math</Filter>
    </ClInclude>
    <ClInclude Include="src\glm\gtx\handed_coordinate_space.hpp">
      <Filter>Header Files\dependencies\math</Filter>
    </ClInclude>
    <ClInclude Include="src\glm\gtx\hash.hpp">
      <Filter>Header Files\dependencies\math</Filter>
    </ClInclude>
    <ClInclude Include="src\glm\simd\integer.h">
      <Filter>Header Files\dependencies\math</Filter>
    </ClInclude>
    <ClInclude Include="src\glm\gtx\integer.hpp">
      <Filter>Header Files\dependencies\math</Filter>
    </ClInclude>
    <ClInclude Include="src\glm\gtc\integer.hpp">
      <Filter>Header Files\dependencies\math</Filter>
    </ClInclude>
    <ClInclude Include="src\glm\integer.hpp">
      <Filter>Header Files\dependencies\math</Filter>
    </ClInclude>
    <ClInclude Include="src\glm\gtx\intersect.hpp">
      <Filter>Header Files\dependencies\math</Filter>
    </ClInclude>
    <ClInclude Include="src\glm\gtx\io.hpp">
      <Filter>Header Files\dependencies\math</Filter>
    </ClInclude>
    <ClInclude Include="src\glm\gtx\log_base.hpp">
      <Filter>Header Files\dependencies\math</Filter>
    </ClInclude>
    <ClInclude Include="src\glm\mat2x2.hpp">
      <Filter>Header Files\dependencies\math</Filter>
    </ClInclude>
    <ClInclude Include="src\glm\mat2x3.hpp">
      <Filter>Header Files\dependencies\math</Filter>
    </ClInclude>
    <ClInclude Include="src\glm\mat2x4.hpp">
      <Filter>Header Files\dependencies\math</Filter>
    </ClInclude>
    <ClInclude Include="src\glm\mat3x2.hpp">
      <Filter>Header Files\dependencies\math</Filter>
    </ClInclude>
    <ClInclude Include="src\glm\mat3x3.hpp">
      <Filter>Header Files\dependencies\math</Filter>
    </ClInclude>
    <ClInclude Include="src\glm\mat3x4.hpp">
      <Filter>Header Files\dependencies\math</Filter>
    </ClInclude>
    <ClInclude Include="src\glm\mat4x2.hpp">
      <Filter>Header Files\dependencies\math</Filter>
    </ClInclude>
    <ClInclude Include="src\glm\mat4x3.hpp">
      <Filter>Header Files\dependencies\math</Filter>
    </ClInclude>
    <ClInclude Include="src\glm\mat4x4.hpp">
      <Filter>Header Files\dependencies\math</Filter>
    </ClInclude>
    <ClInclude Include="src\glm\simd\matrix.h">
      <Filter>Header Files\dependencies\math</Filter>
    </ClInclude>
    <ClInclude Include="src\glm\matrix.hpp">
      <Filter>Header Files\dependencies\math</Filter>
    </ClInclude>
    <ClInclude Include="src\glm\gtc\matrix_access.hpp">
      <Filter>Header Files\dependencies\math</Filter>
    </ClInclude>
    <ClInclude Include="src\glm\gtx\matrix_cross_product.hpp">
      <Filter>Header Files\dependencies\math</Filter>
    </ClInclude>
    <ClInclude Include="src\glm\gtx\matrix_decompose.hpp">
      <Filter>Header Files\dependencies\math</Filter>
    </ClInclude>
    <ClInclude Include="src\glm\gtx\matrix_factorisation.hpp">
      <Filter>Header Files\dependencies\math</Filter>
    </ClInclude>
    <ClInclude Include="src\glm\gtc\matrix_integer.hpp">
      <Filter>Header Files\dependencies\math</Filter>
    </ClInclude>
    <ClInclude Include="src\glm\gtx\matrix_interpolation.hpp">
      <Filter>Header Files\dependencies\math</Filter>
    </ClInclude>
    <ClInclude Include="src\glm\gtc\matrix_inverse.hpp">
      <Filter>Header Files\dependencies\math</Filter>
    </ClInclude>
    <ClInclude Include="src\glm\gtx\matrix_major_storage.hpp">
      <Filter>Header Files\dependencies\math</Filter>
    </ClInclude>
    <ClInclude Include="src\glm\gtx\matrix_operation.hpp">
      <Filter>Header Files\dependencies\math</Filter>
    </ClInclude>
    <ClInclude Include="src\glm\gtx\matrix_query.hpp">
      <Filter>Header Files\dependencies\math</Filter>
    </ClInclude>
    <ClInclude Include="src\glm\gtc\matrix_transform.hpp">
      <Filter>Header Files\dependencies\math</Filter>
    </ClInclude>
    <ClInclude Include="src\glm\gtx\matrix_transform_2d.hpp">
      <Filter>Header Files\dependencies\math</Filter>
    </ClInclude>
    <ClInclude Include="src\glm\gtx\mixed_product.hpp">
      <Filter>Header Files\dependencies\math</Filter>
    </ClInclude>
    <ClInclude Include="src\glm\gtc\noise.hpp">
      <Filter>Header Files\dependencies\math</Filter>
    </ClInclude>
    <ClInclude Include="src\glm\gtx\norm.hpp">
      <Filter>Header Files\dependencies\math</Filter>
    </ClInclude>
    <ClInclude Include="src\glm\gtx\normal.hpp">
      <Filter>Header Files\dependencies\math</Filter>
    </ClInclude>
    <ClInclude Include="src\glm\gtx\normalize_dot.hpp">
      <Filter>Header Files\dependencies\math</Filter>
    </ClInclude>
    <ClInclude Include="src\glm\gtx\number_precision.hpp">
      <Filter>Header Files\dependencies\math</Filter>
    </ClInclude>
    <ClInclude Include="src\glm\gtx\optimum_pow.hpp">
      <Filter>Header Files\dependencies\math</Filter>
    </ClInclude>
    <ClInclude Include="src\glm\gtx\orthonormalize.hpp">
      <Filter>Header Files\dependencies\math</Filter>
    </ClInclude>
    <ClInclude Include="src\glm\simd\packing.h">
      <Filter>Header Files\dependencies\math</Filter>
    </ClInclude>
    <ClInclude Include="src\glm\gtc\packing.hpp">
      <Filter>Header Files\dependencies\math</Filter>
    </ClInclude>
    <ClInclude Include="src\glm\packing.hpp">
      <Filter>Header Files\dependencies\math</Filter>
    </ClInclude>
    <ClInclude Include="src\glm\gtx\perpendicular.hpp">
      <Filter>Header Files\dependencies\math</Filter>
    </ClInclude>
    <ClInclude Include="src\glm\simd\platform.h">
      <Filter>Header Files\dependencies\math</Filter>
    </ClInclude>
    <ClInclude Include="src\glm\gtx\polar_coordinates.hpp">
      <Filter>Header Files\dependencies\math</Filter>
    </ClInclude>
    <ClInclude Include="src\glm\gtx\projection.hpp">
      <Filter>Header Files\dependencies\math</Filter>
    </ClInclude>
    <ClInclude Include="src\glm\detail\qualifier.hpp">
      <Filter>Header Files\dependencies\math</Filter>
    </ClInclude>
    <ClInclude Include="src\glm\gtx\quaternion.hpp">
      <Filter>Header Files\dependencies\math</Filter>
    </ClInclude>
    <ClInclude Include="src\glm\gtc\quaternion.hpp">
      <Filter>Header Files\dependencies\math</Filter>
    </ClInclude>
    <ClInclude Include="src\glm\gtc\random.hpp">
      <Filter>Header Files\dependencies\math</Filter>
    </ClInclude>
    <ClInclude Include="src\glm\gtx\range.hpp">
      <Filter>Header Files\dependencies\math</Filter>
    </ClInclude>
    <ClInclude Include="src\glm\gtx\raw_data.hpp">
      <Filter>Header Files\dependencies\math</Filter>
    </ClInclude>
    <ClInclude Include="src\glm\gtc\reciprocal.hpp">
      <Filter>Header Files\dependencies\math</Filter>
    </ClInclude>
    <ClInclude Include="src\glm\gtx\rotate_normalized_axis.hpp">
      <Filter>Header Files\dependencies\math</Filter>
    </ClInclude>
    <ClInclude Include="src\glm\gtx\rotate_vector.hpp">
      <Filter>Header Files\dependencies\math</Filter>
    </ClInclude>
    <ClInclude Include="src\glm\gtc\round.hpp">
      <Filter>Header Files\dependencies\math</Filter>
    </ClInclude>
    <ClInclude Include="src\glm\gtx\scalar_multiplication.hpp">
      <Filter>Header Files\dependencies\math</Filter>
    </ClInclude>
    <ClInclude Include="src\glm\gtx\scalar_relational.hpp">
      <Filter>Header Files\dependencies\math</Filter>
    </ClInclude>
    <ClInclude Include="src\glm\detail\setup.hpp">
      <Filter>Header Files\dependencies\math</Filter>
    </ClInclude>
    <ClInclude Include="src\glm\gtx\spline.hpp">
      <Filter>Header Files\dependencies\math</Filter>
    </ClInclude>
    <ClInclude Include="src\glm\gtx\std_based_type.hpp">
      <Filter>Header Files\dependencies\math</Filter>
    </ClInclude>
    <ClInclude Include="src\glm\gtx\string_cast.hpp">
      <Filter>Header Files\dependencies\math</Filter>
    </ClInclude>
    <ClInclude Include="src\glm\gtx\texture.hpp">
      <Filter>Header Files\dependencies\math</Filter>
    </ClInclude>
    <ClInclude Include="src\glm\gtx\transform.hpp">
      <Filter>Header Files\dependencies\math</Filter>
    </ClInclude>
    <ClInclude Include="src\glm\gtx\transform2.hpp">
      <Filter>Header Files\dependencies\math</Filter>
    </ClInclude>
    <ClInclude Include="src\glm\simd\trigonometric.h">
      <Filter>Header Files\dependencies\math</Filter>
    </ClInclude>
    <ClInclude Include="src\glm\trigonometric.hpp">
      <Filter>Header Files\dependencies\math</Filter>
    </ClInclude>
    <ClInclude Include="src\glm\gtc\type_aligned.hpp">
      <Filter>Header Files\dependencies\math</Filter>
    </ClInclude>
    <ClInclude Include="src\glm\gtx\type_aligned.hpp">
      <Filter>Header Files\dependencies\math</Filter>
    </ClInclude>
    <ClInclude Include="src\glm\detail\type_float.hpp">
      <Filter>Header Files\dependencies\math</Filter>
    </ClInclude>
    <ClInclude Include="src\glm\detail\type_gentype.hpp">
      <Filter>Header Files\dependencies\math</Filter>
    </ClInclude>
    <ClInclude Include="src\glm\detail\type_half.hpp">
      <Filter>Header Files\dependencies\math</Filter>
    </ClInclude>
    <ClInclude Include="src\glm\detail\type_int.hpp">
      <Filter>Header Files\dependencies\math</Filter>
    </ClInclude>
    <ClInclude Include="src\glm\detail\type_mat.hpp">
      <Filter>Header Files\dependencies\math</Filter>
    </ClInclude>
    <ClInclude Include="src\glm\detail\type_mat2x2.hpp">
      <Filter>Header Files\dependencies\math</Filter>
    </ClInclude>
    <ClInclude Include="src\glm\detail\type_mat2x3.hpp">
      <Filter>Header Files\dependencies\math</Filter>
    </ClInclude>
    <ClInclude Include="src\glm\detail\type_mat2x4.hpp">
      <Filter>Header Files\dependencies\math</Filter>
    </ClInclude>
    <ClInclude Include="src\glm\detail\type_mat3x2.hpp">
      <Filter>Header Files\dependencies\math</Filter>
    </ClInclude>
    <ClInclude Include="src\glm\detail\type_mat3x3.hpp">
      <Filter>Header Files\dependencies\math</Filter>
    </ClInclude>
    <ClInclude Include="src\glm\detail\type_mat3x4.hpp">
      <Filter>Header Files\dependencies\math</Filter>
    </ClInclude>
    <ClInclude Include="src\glm\detail\type_mat4x2.hpp">
      <Filter>Header Files\dependencies\math</Filter>
    </ClInclude>
    <ClInclude Include="src\glm\detail\type_mat4x3.hpp">
      <Filter>Header Files\dependencies\math</Filter>
    </ClInclude>
    <ClInclude Include="src\glm\detail\type_mat4x4.hpp">
      <Filter>Header Files\dependencies\math</Filter>
    </ClInclude>
    <ClInclude Include="src\glm\gtc\type_precision.hpp">
      <Filter>Header Files\dependencies\math</Filter>
    </ClInclude>
    <ClInclude Include="src\glm\gtc\type_ptr.hpp">
      <Filter>Header Files\dependencies\math</Filter>
    </ClInclude>
    <ClInclude Include="src\glm\gtx\type_trait.hpp">
      <Filter>Header Files\dependencies\math</Filter>
    </ClInclude>
    <ClInclude Include="src\glm\detail\type_vec.hpp">
      <Filter>Header Files\dependencies\math</Filter>
    </ClInclude>
    <ClInclude Include="src\glm\detail\type_vec1.hpp">
      <Filter>Header Files\dependencies\math</Filter>
    </ClInclude>
    <ClInclude Include="src\glm\detail\type_vec2.hpp">
      <Filter>Header Files\dependencies\math</Filter>
    </ClInclude>
    <ClInclude Include="src\glm\detail\type_vec3.hpp">
      <Filter>Header Files\dependencies\math</Filter>
    </ClInclude>
    <ClInclude Include="src\glm\detail\type_vec4.hpp">
      <Filter>Header Files\dependencies\math</Filter>
    </ClInclude>
    <ClInclude Include="src\sp\Types.h">
      <Filter>Header Files\dependencies\math</Filter>
    </ClInclude>
    <ClInclude Include="src\glm\gtc\ulp.hpp">
      <Filter>Header Files\dependencies\math</Filter>
    </ClInclude>
    <ClInclude Include="src\glm\gtx\vec_swizzle.hpp">
      <Filter>Header Files\dependencies\math</Filter>
    </ClInclude>
    <ClInclude Include="src\glm\ext\vec1.hpp">
      <Filter>Header Files\dependencies\math</Filter>
    </ClInclude>
    <ClInclude Include="src\glm\gtc\vec1.hpp">
      <Filter>Header Files\dependencies\math</Filter>
    </ClInclude>
    <ClInclude Include="src\glm\vec2.hpp">
      <Filter>Header Files\dependencies\math</Filter>
    </ClInclude>
    <ClInclude Include="src\glm\vec3.hpp">
      <Filter>Header Files\dependencies\math</Filter>
    </ClInclude>
    <ClInclude Include="src\glm\vec4.hpp">
      <Filter>Header Files\dependencies\math</Filter>
    </ClInclude>
    <ClInclude Include="src\glm\gtx\vector_angle.hpp">
      <Filter>Header Files\dependencies\math</Filter>
    </ClInclude>
    <ClInclude Include="src\glm\gtx\vector_query.hpp">
      <Filter>Header Files\dependencies\math</Filter>
    </ClInclude>
    <ClInclude Include="src\glm\simd\vector_relational.h">
      <Filter>Header Files\dependencies\math</Filter>
    </ClInclude>
    <ClInclude Include="src\glm\ext\vector_relational.hpp">
      <Filter>Header Files\dependencies\math</Filter>
    </ClInclude>
    <ClInclude Include="src\glm\vector_relational.hpp">
      <Filter>Header Files\dependencies\math</Filter>
    </ClInclude>
    <ClInclude Include="src\glm\gtx\wrap.hpp">
      <Filter>Header Files\dependencies\math</Filter>
    </ClInclude>
    <ClInclude Include="src\Alex.h">
      <Filter>Header Files</Filter>
    </ClInclude>
    <ClInclude Include="src\gl\gl.h">
      <Filter>Header Files\dependencies\opengl</Filter>
    </ClInclude>
    <ClInclude Include="src\al\utils\FileUtils.h">
      <Filter>Header Files\utils</Filter>
    </ClInclude>
    <ClInclude Include="src\al\utils\Timer.h">
      <Filter>Header Files\utils</Filter>
    </ClInclude>
    <ClInclude Include="src\al\utils\ImageUtils.h">
      <Filter>Header Files\utils</Filter>
    </ClInclude>
    <ClInclude Include="src\al\app\Application.h">
      <Filter>Header Files\application</Filter>
    </ClInclude>
    <ClInclude Include="src\al\Common.h">
      <Filter>Header Files</Filter>
    </ClInclude>
    <ClInclude Include="src\al\graphics\renderables\Renderable2D.h">
      <Filter>Header Files\graphics\renderable</Filter>
    </ClInclude>
    <ClInclude Include="src\al\graphics\renderables\Sprite.h">
      <Filter>Header Files\graphics\renderable</Filter>
    </ClInclude>
    <ClInclude Include="src\al\graphics\buffers\Buffer.h">
      <Filter>Header Files\graphics\buffer</Filter>
    </ClInclude>
    <ClInclude Include="src\al\graphics\buffers\IndexBuffer.h">
      <Filter>Header Files\graphics\buffer</Filter>
    </ClInclude>
    <ClInclude Include="src\al\graphics\buffers\VertexArray.h">
      <Filter>Header Files\graphics\buffer</Filter>
    </ClInclude>
    <ClInclude Include="src\al\graphics\Font.h">
      <Filter>Header Files\graphics\ui</Filter>
    </ClInclude>
    <ClInclude Include="src\al\graphics\FontManager.h">
      <Filter>Header Files\graphics\ui</Filter>
    </ClInclude>
    <ClInclude Include="src\al\graphics\ui\Label.h">
      <Filter>Header Files\graphics\ui</Filter>
    </ClInclude>
    <ClInclude Include="src\al\utils\ShaderUtils.h">
      <Filter>Header Files\utils</Filter>
    </ClInclude>
    <ClInclude Include="src\al\Types.h">
      <Filter>Header Files</Filter>
    </ClInclude>
    <ClInclude Include="src\al\graphics\Shader.h">
      <Filter>Header Files\graphics\renderer</Filter>
    </ClInclude>
    <ClInclude Include="src\al\audio\AudioEngine.h">
      <Filter>Header Files\audio</Filter>
    </ClInclude>
    <ClInclude Include="src\al\graphics\renderables\IRenderable.h">
      <Filter>Header Files\graphics\renderable</Filter>
    </ClInclude>
    <ClInclude Include="src\al\graphics\renderer\IRenderer.h">
      <Filter>Header Files\graphics\renderer</Filter>
    </ClInclude>
    <ClInclude Include="src\al\audio\Sound.h">
      <Filter>Header Files\audio</Filter>
    </ClInclude>
    <ClInclude Include="src\al\utils\Timestep.h">
      <Filter>Header Files\utils</Filter>
    </ClInclude>
    <ClInclude Include="src\al\al.h">
      <Filter>Header Files</Filter>
    </ClInclude>
    <ClInclude Include="src\al\graphics\TextureManager.h">
      <Filter>Header Files</Filter>
    </ClInclude>
    <ClInclude Include="src\al\utils\Log.h">
      <Filter>Header Files</Filter>
    </ClInclude>
    <ClInclude Include="src\al\String.h">
      <Filter>Header Files</Filter>
    </ClInclude>
    <ClInclude Include="src\al\app\Window.h">
      <Filter>Header Files\graphics</Filter>
    </ClInclude>
    <ClInclude Include="src\al\graphics\Texture.h">
      <Filter>Header Files\graphics\renderer</Filter>
    </ClInclude>
    <ClInclude Include="src\al\app\Input.h">
      <Filter>Header Files</Filter>
    </ClInclude>
    <ClInclude Include="src\al\events\Event.h">
      <Filter>Header Files</Filter>
    </ClInclude>
    <ClInclude Include="src\al\events\EventDispatcher.h">
      <Filter>Header Files</Filter>
    </ClInclude>
    <ClInclude Include="src\al\events\Events.h">
      <Filter>Header Files</Filter>
    </ClInclude>
    <ClInclude Include="src\al\events\IEventListener.h">
      <Filter>Header Files</Filter>
    </ClInclude>
    <ClInclude Include="src\al\events\KeyEvent.h">
      <Filter>Header Files</Filter>
    </ClInclude>
    <ClInclude Include="src\al\events\MouseEvent.h">
      <Filter>Header Files</Filter>
    </ClInclude>
    <ClInclude Include="src\al\events\WindowEvent.h">
      <Filter>Header Files</Filter>
    </ClInclude>
    <ClInclude Include="src\al\graphics\renderer\Renderer2D.h">
      <Filter>Header Files\graphics\renderer</Filter>
    </ClInclude>
    <ClInclude Include="src\al\graphics\layers\Group.h">
      <Filter>Header Files\graphics\layer</Filter>
    </ClInclude>
    <ClInclude Include="src\al\graphics\layers\Layer.h">
      <Filter>Header Files\graphics\layer</Filter>
    </ClInclude>
    <ClInclude Include="src\al\graphics\layers\Layer2D.h">
      <Filter>Header Files\graphics\layer</Filter>
    </ClInclude>
    <ClInclude Include="src\al\entity\component\TransformComponent.h">
      <Filter>Header Files</Filter>
    </ClInclude>
    <ClInclude Include="src\al\entity\component\SpriteComponent.h">
      <Filter>Header Files</Filter>
    </ClInclude>
    <ClInclude Include="src\al\entity\Entity.h">
      <Filter>Header Files</Filter>
    </ClInclude>
    <ClInclude Include="src\al\entity\component\Component.h">
      <Filter>Header Files</Filter>
    </ClInclude>
    <ClInclude Include="src\al\scene\Scene.h">
      <Filter>Header Files</Filter>
    </ClInclude>
    <ClInclude Include="src\al\scene\Scene2D.h">
      <Filter>Header Files</Filter>
    </ClInclude>
    <ClInclude Include="src\al\graphics\camera\Camera.h">
      <Filter>Header Files</Filter>
    </ClInclude>
    <ClInclude Include="src\al\graphics\shader\ShaderDefines.h">
      <Filter>Header Files</Filter>
    </ClInclude>
    <ClInclude Include="src\al\entity\component\Components.h">
      <Filter>Header Files</Filter>
    </ClInclude>
  </ItemGroup>
  <ItemGroup>
    <None Include="src\glm\gtx\associated_min_max.inl">
      <Filter>Header Files\dependencies\math</Filter>
    </None>
    <None Include="src\glm\gtx\bit.inl">
      <Filter>Header Files\dependencies\math</Filter>
    </None>
    <None Include="src\glm\gtc\bitfield.inl">
      <Filter>Header Files\dependencies\math</Filter>
    </None>
    <None Include="src\glm\gtx\closest_point.inl">
      <Filter>Header Files\dependencies\math</Filter>
    </None>
    <None Include="src\glm\gtx\color_encoding.inl">
      <Filter>Header Files\dependencies\math</Filter>
    </None>
    <None Include="src\glm\gtx\color_space.inl">
      <Filter>Header Files\dependencies\math</Filter>
    </None>
    <None Include="src\glm\gtc\color_space.inl">
      <Filter>Header Files\dependencies\math</Filter>
    </None>
    <None Include="src\glm\gtx\color_space_YCoCg.inl">
      <Filter>Header Files\dependencies\math</Filter>
    </None>
    <None Include="src\glm\gtx\common.inl">
      <Filter>Header Files\dependencies\math</Filter>
    </None>
    <None Include="src\glm\gtx\compatibility.inl">
      <Filter>Header Files\dependencies\math</Filter>
    </None>
    <None Include="src\glm\gtx\component_wise.inl">
      <Filter>Header Files\dependencies\math</Filter>
    </None>
    <None Include="src\glm\gtc\constants.inl">
      <Filter>Header Files\dependencies\math</Filter>
    </None>
    <None Include="src\glm\gtx\dual_quaternion.inl">
      <Filter>Header Files\dependencies\math</Filter>
    </None>
    <None Include="src\glm\gtc\epsilon.inl">
      <Filter>Header Files\dependencies\math</Filter>
    </None>
    <None Include="src\glm\gtx\euler_angles.inl">
      <Filter>Header Files\dependencies\math</Filter>
    </None>
    <None Include="src\glm\gtx\extend.inl">
      <Filter>Header Files\dependencies\math</Filter>
    </None>
    <None Include="src\glm\gtx\extended_min_max.inl">
      <Filter>Header Files\dependencies\math</Filter>
    </None>
    <None Include="src\glm\gtx\exterior_product.inl">
      <Filter>Header Files\dependencies\math</Filter>
    </None>
    <None Include="src\glm\gtx\fast_exponential.inl">
      <Filter>Header Files\dependencies\math</Filter>
    </None>
    <None Include="src\glm\gtx\fast_square_root.inl">
      <Filter>Header Files\dependencies\math</Filter>
    </None>
    <None Include="src\glm\gtx\fast_trigonometry.inl">
      <Filter>Header Files\dependencies\math</Filter>
    </None>
    <None Include="src\glm\gtx\float_notmalize.inl">
      <Filter>Header Files\dependencies\math</Filter>
    </None>
    <None Include="src\glm\detail\func_common.inl">
      <Filter>Header Files\dependencies\math</Filter>
    </None>
    <None Include="src\glm\detail\func_common_simd.inl">
      <Filter>Header Files\dependencies\math</Filter>
    </None>
    <None Include="src\glm\detail\func_exponential.inl">
      <Filter>Header Files\dependencies\math</Filter>
    </None>
    <None Include="src\glm\detail\func_exponential_simd.inl">
      <Filter>Header Files\dependencies\math</Filter>
    </None>
    <None Include="src\glm\detail\func_geometric.inl">
      <Filter>Header Files\dependencies\math</Filter>
    </None>
    <None Include="src\glm\detail\func_geometric_simd.inl">
      <Filter>Header Files\dependencies\math</Filter>
    </None>
    <None Include="src\glm\detail\func_integer.inl">
      <Filter>Header Files\dependencies\math</Filter>
    </None>
    <None Include="src\glm\detail\func_integer_simd.inl">
      <Filter>Header Files\dependencies\math</Filter>
    </None>
    <None Include="src\glm\detail\func_matrix.inl">
      <Filter>Header Files\dependencies\math</Filter>
    </None>
    <None Include="src\glm\detail\func_matrix_simd.inl">
      <Filter>Header Files\dependencies\math</Filter>
    </None>
    <None Include="src\glm\detail\func_packing.inl">
      <Filter>Header Files\dependencies\math</Filter>
    </None>
    <None Include="src\glm\detail\func_packing_simd.inl">
      <Filter>Header Files\dependencies\math</Filter>
    </None>
    <None Include="src\glm\detail\func_trigonometric.inl">
      <Filter>Header Files\dependencies\math</Filter>
    </None>
    <None Include="src\glm\detail\func_trigonometric_simd.inl">
      <Filter>Header Files\dependencies\math</Filter>
    </None>
    <None Include="src\glm\detail\func_vector_relational.inl">
      <Filter>Header Files\dependencies\math</Filter>
    </None>
    <None Include="src\glm\detail\func_vector_relational_simd.inl">
      <Filter>Header Files\dependencies\math</Filter>
    </None>
    <None Include="src\glm\gtx\functions.inl">
      <Filter>Header Files\dependencies\math</Filter>
    </None>
    <None Include="src\glm\gtx\gradient_paint.inl">
      <Filter>Header Files\dependencies\math</Filter>
    </None>
    <None Include="src\glm\gtx\handed_coordinate_space.inl">
      <Filter>Header Files\dependencies\math</Filter>
    </None>
    <None Include="src\glm\gtx\hash.inl">
      <Filter>Header Files\dependencies\math</Filter>
    </None>
    <None Include="src\glm\gtx\integer.inl">
      <Filter>Header Files\dependencies\math</Filter>
    </None>
    <None Include="src\glm\gtc\integer.inl">
      <Filter>Header Files\dependencies\math</Filter>
    </None>
    <None Include="src\glm\gtx\intersect.inl">
      <Filter>Header Files\dependencies\math</Filter>
    </None>
    <None Include="src\glm\gtx\io.inl">
      <Filter>Header Files\dependencies\math</Filter>
    </None>
    <None Include="src\glm\gtx\log_base.inl">
      <Filter>Header Files\dependencies\math</Filter>
    </None>
    <None Include="src\glm\gtc\matrix_access.inl">
      <Filter>Header Files\dependencies\math</Filter>
    </None>
    <None Include="src\glm\gtx\matrix_cross_product.inl">
      <Filter>Header Files\dependencies\math</Filter>
    </None>
    <None Include="src\glm\gtx\matrix_decompose.inl">
      <Filter>Header Files\dependencies\math</Filter>
    </None>
    <None Include="src\glm\gtx\matrix_factorisation.inl">
      <Filter>Header Files\dependencies\math</Filter>
    </None>
    <None Include="src\glm\gtx\matrix_interpolation.inl">
      <Filter>Header Files\dependencies\math</Filter>
    </None>
    <None Include="src\glm\gtc\matrix_inverse.inl">
      <Filter>Header Files\dependencies\math</Filter>
    </None>
    <None Include="src\glm\gtx\matrix_major_storage.inl">
      <Filter>Header Files\dependencies\math</Filter>
    </None>
    <None Include="src\glm\gtx\matrix_operation.inl">
      <Filter>Header Files\dependencies\math</Filter>
    </None>
    <None Include="src\glm\gtx\matrix_query.inl">
      <Filter>Header Files\dependencies\math</Filter>
    </None>
    <None Include="src\glm\gtc\matrix_transform.inl">
      <Filter>Header Files\dependencies\math</Filter>
    </None>
    <None Include="src\glm\gtx\matrix_transform_2d.inl">
      <Filter>Header Files\dependencies\math</Filter>
    </None>
    <None Include="src\glm\gtx\mixed_product.inl">
      <Filter>Header Files\dependencies\math</Filter>
    </None>
    <None Include="src\glm\gtc\noise.inl">
      <Filter>Header Files\dependencies\math</Filter>
    </None>
    <None Include="src\glm\gtx\norm.inl">
      <Filter>Header Files\dependencies\math</Filter>
    </None>
    <None Include="src\glm\gtx\normal.inl">
      <Filter>Header Files\dependencies\math</Filter>
    </None>
    <None Include="src\glm\gtx\normalize_dot.inl">
      <Filter>Header Files\dependencies\math</Filter>
    </None>
    <None Include="src\glm\gtx\number_precision.inl">
      <Filter>Header Files\dependencies\math</Filter>
    </None>
    <None Include="src\glm\gtx\optimum_pow.inl">
      <Filter>Header Files\dependencies\math</Filter>
    </None>
    <None Include="src\glm\gtx\orthonormalize.inl">
      <Filter>Header Files\dependencies\math</Filter>
    </None>
    <None Include="src\glm\gtc\packing.inl">
      <Filter>Header Files\dependencies\math</Filter>
    </None>
    <None Include="src\glm\gtx\perpendicular.inl">
      <Filter>Header Files\dependencies\math</Filter>
    </None>
    <None Include="src\glm\gtx\polar_coordinates.inl">
      <Filter>Header Files\dependencies\math</Filter>
    </None>
    <None Include="src\glm\gtx\projection.inl">
      <Filter>Header Files\dependencies\math</Filter>
    </None>
    <None Include="src\glm\gtx\quaternion.inl">
      <Filter>Header Files\dependencies\math</Filter>
    </None>
    <None Include="src\glm\gtc\quaternion.inl">
      <Filter>Header Files\dependencies\math</Filter>
    </None>
    <None Include="src\glm\gtc\quaternion_simd.inl">
      <Filter>Header Files\dependencies\math</Filter>
    </None>
    <None Include="src\glm\gtc\random.inl">
      <Filter>Header Files\dependencies\math</Filter>
    </None>
    <None Include="src\glm\gtx\raw_data.inl">
      <Filter>Header Files\dependencies\math</Filter>
    </None>
    <None Include="src\glm\gtc\reciprocal.inl">
      <Filter>Header Files\dependencies\math</Filter>
    </None>
    <None Include="src\glm\gtx\rotate_normalized_axis.inl">
      <Filter>Header Files\dependencies\math</Filter>
    </None>
    <None Include="src\glm\gtx\rotate_vector.inl">
      <Filter>Header Files\dependencies\math</Filter>
    </None>
    <None Include="src\glm\gtc\round.inl">
      <Filter>Header Files\dependencies\math</Filter>
    </None>
    <None Include="src\glm\gtx\scalar_relational.inl">
      <Filter>Header Files\dependencies\math</Filter>
    </None>
    <None Include="src\glm\gtx\spline.inl">
      <Filter>Header Files\dependencies\math</Filter>
    </None>
    <None Include="src\glm\gtx\std_based_type.inl">
      <Filter>Header Files\dependencies\math</Filter>
    </None>
    <None Include="src\glm\gtx\string_cast.inl">
      <Filter>Header Files\dependencies\math</Filter>
    </None>
    <None Include="src\glm\gtx\texture.inl">
      <Filter>Header Files\dependencies\math</Filter>
    </None>
    <None Include="src\glm\gtx\transform.inl">
      <Filter>Header Files\dependencies\math</Filter>
    </None>
    <None Include="src\glm\gtx\transform2.inl">
      <Filter>Header Files\dependencies\math</Filter>
    </None>
    <None Include="src\glm\gtx\type_aligned.inl">
      <Filter>Header Files\dependencies\math</Filter>
    </None>
    <None Include="src\glm\detail\type_gentype.inl">
      <Filter>Header Files\dependencies\math</Filter>
    </None>
    <None Include="src\glm\detail\type_half.inl">
      <Filter>Header Files\dependencies\math</Filter>
    </None>
    <None Include="src\glm\detail\type_mat.inl">
      <Filter>Header Files\dependencies\math</Filter>
    </None>
    <None Include="src\glm\detail\type_mat2x2.inl">
      <Filter>Header Files\dependencies\math</Filter>
    </None>
    <None Include="src\glm\detail\type_mat2x3.inl">
      <Filter>Header Files\dependencies\math</Filter>
    </None>
    <None Include="src\glm\detail\type_mat2x4.inl">
      <Filter>Header Files\dependencies\math</Filter>
    </None>
    <None Include="src\glm\detail\type_mat3x2.inl">
      <Filter>Header Files\dependencies\math</Filter>
    </None>
    <None Include="src\glm\detail\type_mat3x3.inl">
      <Filter>Header Files\dependencies\math</Filter>
    </None>
    <None Include="src\glm\detail\type_mat3x4.inl">
      <Filter>Header Files\dependencies\math</Filter>
    </None>
    <None Include="src\glm\detail\type_mat4x2.inl">
      <Filter>Header Files\dependencies\math</Filter>
    </None>
    <None Include="src\glm\detail\type_mat4x3.inl">
      <Filter>Header Files\dependencies\math</Filter>
    </None>
    <None Include="src\glm\detail\type_mat4x4.inl">
      <Filter>Header Files\dependencies\math</Filter>
    </None>
    <None Include="src\glm\detail\type_mat4x4_simd.inl">
      <Filter>Header Files\dependencies\math</Filter>
    </None>
    <None Include="src\glm\gtc\type_precision.inl">
      <Filter>Header Files\dependencies\math</Filter>
    </None>
    <None Include="src\glm\gtc\type_ptr.inl">
      <Filter>Header Files\dependencies\math</Filter>
    </None>
    <None Include="src\glm\gtx\type_trait.inl">
      <Filter>Header Files\dependencies\math</Filter>
    </None>
    <None Include="src\glm\detail\type_vec.inl">
      <Filter>Header Files\dependencies\math</Filter>
    </None>
    <None Include="src\glm\detail\type_vec1.inl">
      <Filter>Header Files\dependencies\math</Filter>
    </None>
    <None Include="src\glm\detail\type_vec2.inl">
      <Filter>Header Files\dependencies\math</Filter>
    </None>
    <None Include="src\glm\detail\type_vec3.inl">
      <Filter>Header Files\dependencies\math</Filter>
    </None>
    <None Include="src\glm\detail\type_vec4.inl">
      <Filter>Header Files\dependencies\math</Filter>
    </None>
    <None Include="src\glm\detail\type_vec4_simd.inl">
      <Filter>Header Files\dependencies\math</Filter>
    </None>
    <None Include="src\glm\gtc\ulp.inl">
      <Filter>Header Files\dependencies\math</Filter>
    </None>
    <None Include="src\glm\ext\vec1.inl">
      <Filter>Header Files\dependencies\math</Filter>
    </None>
    <None Include="src\glm\gtc\vec1.inl">
      <Filter>Header Files\dependencies\math</Filter>
    </None>
    <None Include="src\glm\gtx\vector_angle.inl">
      <Filter>Header Files\dependencies\math</Filter>
    </None>
    <None Include="src\glm\gtx\vector_query.inl">
      <Filter>Header Files\dependencies\math</Filter>
    </None>
    <None Include="src\glm\ext\vector_relational.inl">
      <Filter>Header Files\dependencies\math</Filter>
    </None>
    <None Include="src\glm\gtx\wrap.inl">
      <Filter>Header Files\dependencies\math</Filter>
    </None>
    <None Include="src\al\graphics\shader\default\BasicLight.glsl" />
  </ItemGroup>
  <ItemGroup>
    <ClCompile Include="src\glm\detail\glm.cpp">
      <Filter>Source Files\math</Filter>
    </ClCompile>
    <ClCompile Include="src\al\utils\ImageUtils.cpp">
      <Filter>Source Files\utils</Filter>
    </ClCompile>
    <ClCompile Include="src\al\graphics\renderables\Sprite.cpp">
      <Filter>Source Files\graphics\renderable</Filter>
    </ClCompile>
    <ClCompile Include="src\al\graphics\Shader.cpp">
      <Filter>Source Files\graphics\renderer</Filter>
    </ClCompile>
    <ClCompile Include="src\al\graphics\buffers\Buffer.cpp">
      <Filter>Source Files\graphics\buffer</Filter>
    </ClCompile>
    <ClCompile Include="src\al\graphics\buffers\IndexBuffer.cpp">
      <Filter>Source Files\graphics\buffer</Filter>
    </ClCompile>
    <ClCompile Include="src\al\graphics\buffers\VertexArray.cpp">
      <Filter>Source Files\graphics\buffer</Filter>
    </ClCompile>
    <ClCompile Include="src\al\graphics\Font.cpp">
      <Filter>Source Files\graphics\ui</Filter>
    </ClCompile>
    <ClCompile Include="src\al\graphics\FontManager.cpp">
      <Filter>Source Files\graphics\ui</Filter>
    </ClCompile>
    <ClCompile Include="src\al\graphics\ui\Label.cpp">
      <Filter>Source Files\graphics\ui</Filter>
    </ClCompile>
    <ClCompile Include="src\al\audio\AudioEngine.cpp">
      <Filter>Source Files</Filter>
    </ClCompile>
    <ClCompile Include="src\al\audio\Sound.cpp">
      <Filter>Source Files</Filter>
    </ClCompile>
    <ClCompile Include="src\al\app\Application.cpp">
      <Filter>Source Files</Filter>
    </ClCompile>
    <ClCompile Include="src\al\graphics\TextureManager.cpp">
      <Filter>Source Files</Filter>
    </ClCompile>
    <ClCompile Include="src\al\String.cpp">
      <Filter>Source Files</Filter>
    </ClCompile>
    <ClCompile Include="src\al\app\Window.cpp">
      <Filter>Source Files\graphics</Filter>
    </ClCompile>
    <ClCompile Include="src\al\graphics\Texture.cpp">
      <Filter>Source Files\graphics\renderer</Filter>
    </ClCompile>
    <ClCompile Include="src\al\app\Input.cpp">
      <Filter>Source Files</Filter>
    </ClCompile>
    <ClCompile Include="src\al\events\Event.cpp">
      <Filter>Source Files</Filter>
    </ClCompile>
    <ClCompile Include="src\al\events\KeyEvent.cpp">
      <Filter>Source Files</Filter>
    </ClCompile>
    <ClCompile Include="src\al\events\MouseEvent.cpp">
      <Filter>Source Files</Filter>
    </ClCompile>
    <ClCompile Include="src\al\events\WindowEvent.cpp">
      <Filter>Source Files</Filter>
    </ClCompile>
    <ClCompile Include="src\al\platfrom\windows\Win32Log.cpp">
      <Filter>Source Files</Filter>
    </ClCompile>
    <ClCompile Include="src\al\platfrom\glfw\GLFWApplicatipon.cpp">
      <Filter>Source Files</Filter>
    </ClCompile>
    <ClCompile Include="src\al\platfrom\glfw\PoixTimer.cpp">
      <Filter>Source Files</Filter>
    </ClCompile>
    <ClCompile Include="src\al\platfrom\glfw\GLFWWindow.cpp">
      <Filter>Source Files</Filter>
    </ClCompile>
    <ClCompile Include="src\al\platfrom\glfw\GLFWInput.cpp">
      <Filter>Source Files</Filter>
    </ClCompile>
    <ClCompile Include="src\al\graphics\renderer\Renderer2D.cpp">
      <Filter>Source Files</Filter>
    </ClCompile>
    <ClCompile Include="src\al\graphics\layers\Group.cpp">
      <Filter>Source Files\graphics\layer</Filter>
    </ClCompile>
    <ClCompile Include="src\al\graphics\layers\Layer.cpp">
      <Filter>Source Files</Filter>
    </ClCompile>
    <ClCompile Include="src\al\graphics\layers\Layer2D.cpp">
      <Filter>Source Files\graphics\layer</Filter>
    </ClCompile>
    <ClCompile Include="src\al\entity\component\TransformComponent.cpp">
      <Filter>Source Files</Filter>
    </ClCompile>
    <ClCompile Include="src\al\entity\component\SpriteComponent.cpp">
      <Filter>Source Files</Filter>
    </ClCompile>
    <ClCompile Include="src\al\entity\Entity.cpp">
      <Filter>Source Files</Filter>
    </ClCompile>
    <ClCompile Include="src\al\entity\component\Component.cpp">
      <Filter>Source Files</Filter>
    </ClCompile>
    <ClCompile Include="src\al\scene\Scene.cpp">
      <Filter>Source Files</Filter>
    </ClCompile>
    <ClCompile Include="src\al\scene\Scene2D.cpp">
      <Filter>Source Files</Filter>
    </ClCompile>
    <ClCompile Include="src\al\graphics\camera\Camera.cpp">
      <Filter>Source Files</Filter>
    </ClCompile>
    <ClCompile Include="src\al\graphics\shader\ShaderDefines.cpp">
      <Filter>Source Files</Filter>
    </ClCompile>
  </ItemGroup>
</Project>